// !$*UTF8*$!
{
	archiveVersion = 1;
	classes = {
	};
	objectVersion = 55;
	objects = {

/* Begin PBXBuildFile section */
		374F9CB12813F2960092B620 /* AppDelegate.swift in Sources */ = {isa = PBXBuildFile; fileRef = 374F9CB02813F2960092B620 /* AppDelegate.swift */; };
		374F9CB32813F2960092B620 /* SceneDelegate.swift in Sources */ = {isa = PBXBuildFile; fileRef = 374F9CB22813F2960092B620 /* SceneDelegate.swift */; };
		374F9CB52813F2960092B620 /* DetailViewController.swift in Sources */ = {isa = PBXBuildFile; fileRef = 374F9CB42813F2960092B620 /* DetailViewController.swift */; };
		374F9CB82813F2960092B620 /* Main.storyboard in Resources */ = {isa = PBXBuildFile; fileRef = 374F9CB62813F2960092B620 /* Main.storyboard */; };
		374F9CBA2813F2990092B620 /* Assets.xcassets in Resources */ = {isa = PBXBuildFile; fileRef = 374F9CB92813F2990092B620 /* Assets.xcassets */; };
		374F9CBD2813F2990092B620 /* LaunchScreen.storyboard in Resources */ = {isa = PBXBuildFile; fileRef = 374F9CBB2813F2990092B620 /* LaunchScreen.storyboard */; };
		376B2BCE2815950A00449968 /* HomeViewController.swift in Sources */ = {isa = PBXBuildFile; fileRef = 376B2BCD2815950A00449968 /* HomeViewController.swift */; };
		376B2BD02815973500449968 /* UIView+Extensions.swift in Sources */ = {isa = PBXBuildFile; fileRef = 376B2BCF2815973500449968 /* UIView+Extensions.swift */; };
		F4FF48FBC53D59FC6F64B0AB /* Pods_ProfitManagement.framework in Frameworks */ = {isa = PBXBuildFile; fileRef = E796D5F6BE7D11EC62CE77EF /* Pods_ProfitManagement.framework */; };
/* End PBXBuildFile section */

/* Begin PBXFileReference section */
		374F9CAD2813F2960092B620 /* ProfitManagement.app */ = {isa = PBXFileReference; explicitFileType = wrapper.application; includeInIndex = 0; path = ProfitManagement.app; sourceTree = BUILT_PRODUCTS_DIR; };
		374F9CB02813F2960092B620 /* AppDelegate.swift */ = {isa = PBXFileReference; lastKnownFileType = sourcecode.swift; path = AppDelegate.swift; sourceTree = "<group>"; };
		374F9CB22813F2960092B620 /* SceneDelegate.swift */ = {isa = PBXFileReference; lastKnownFileType = sourcecode.swift; path = SceneDelegate.swift; sourceTree = "<group>"; };
		374F9CB42813F2960092B620 /* DetailViewController.swift */ = {isa = PBXFileReference; lastKnownFileType = sourcecode.swift; path = DetailViewController.swift; sourceTree = "<group>"; };
		374F9CB72813F2960092B620 /* Base */ = {isa = PBXFileReference; lastKnownFileType = file.storyboard; name = Base; path = Base.lproj/Main.storyboard; sourceTree = "<group>"; };
		374F9CB92813F2990092B620 /* Assets.xcassets */ = {isa = PBXFileReference; lastKnownFileType = folder.assetcatalog; path = Assets.xcassets; sourceTree = "<group>"; };
		374F9CBC2813F2990092B620 /* Base */ = {isa = PBXFileReference; lastKnownFileType = file.storyboard; name = Base; path = Base.lproj/LaunchScreen.storyboard; sourceTree = "<group>"; };
		374F9CBE2813F2990092B620 /* Info.plist */ = {isa = PBXFileReference; lastKnownFileType = text.plist.xml; path = Info.plist; sourceTree = "<group>"; };
		376B2BCD2815950A00449968 /* HomeViewController.swift */ = {isa = PBXFileReference; lastKnownFileType = sourcecode.swift; path = HomeViewController.swift; sourceTree = "<group>"; };
		376B2BCF2815973500449968 /* UIView+Extensions.swift */ = {isa = PBXFileReference; lastKnownFileType = sourcecode.swift; path = "UIView+Extensions.swift"; sourceTree = "<group>"; };
		6E5C186BD4DD447D99190A28 /* Pods-ProfitManagement.release.xcconfig */ = {isa = PBXFileReference; includeInIndex = 1; lastKnownFileType = text.xcconfig; name = "Pods-ProfitManagement.release.xcconfig"; path = "Target Support Files/Pods-ProfitManagement/Pods-ProfitManagement.release.xcconfig"; sourceTree = "<group>"; };
		6EE38C388E464128ADDE8E60 /* Pods-ProfitManagement.debug.xcconfig */ = {isa = PBXFileReference; includeInIndex = 1; lastKnownFileType = text.xcconfig; name = "Pods-ProfitManagement.debug.xcconfig"; path = "Target Support Files/Pods-ProfitManagement/Pods-ProfitManagement.debug.xcconfig"; sourceTree = "<group>"; };
		E796D5F6BE7D11EC62CE77EF /* Pods_ProfitManagement.framework */ = {isa = PBXFileReference; explicitFileType = wrapper.framework; includeInIndex = 0; path = Pods_ProfitManagement.framework; sourceTree = BUILT_PRODUCTS_DIR; };
/* End PBXFileReference section */

/* Begin PBXFrameworksBuildPhase section */
		374F9CAA2813F2960092B620 /* Frameworks */ = {
			isa = PBXFrameworksBuildPhase;
			buildActionMask = 2147483647;
			files = (
				F4FF48FBC53D59FC6F64B0AB /* Pods_ProfitManagement.framework in Frameworks */,
			);
			runOnlyForDeploymentPostprocessing = 0;
		};
/* End PBXFrameworksBuildPhase section */

/* Begin PBXGroup section */
		374F9CA42813F2960092B620 = {
			isa = PBXGroup;
			children = (
				37E74E14281922F700BE8E46 /* Environments */,
				374F9CAF2813F2960092B620 /* ProfitManagement */,
				374F9CAE2813F2960092B620 /* Products */,
				E077D8A524890C856C96C12C /* Pods */,
				DD82C0DF1F94757A15DDC803 /* Frameworks */,
			);
			sourceTree = "<group>";
		};
		374F9CAE2813F2960092B620 /* Products */ = {
			isa = PBXGroup;
			children = (
				374F9CAD2813F2960092B620 /* ProfitManagement.app */,
			);
			name = Products;
			sourceTree = "<group>";
		};
		374F9CAF2813F2960092B620 /* ProfitManagement */ = {
			isa = PBXGroup;
			children = (
				374F9CB02813F2960092B620 /* AppDelegate.swift */,
				374F9CB22813F2960092B620 /* SceneDelegate.swift */,
				376B2BCD2815950A00449968 /* HomeViewController.swift */,
				374F9CB42813F2960092B620 /* DetailViewController.swift */,
				374F9CB62813F2960092B620 /* Main.storyboard */,
				374F9CB92813F2990092B620 /* Assets.xcassets */,
				374F9CBB2813F2990092B620 /* LaunchScreen.storyboard */,
				374F9CBE2813F2990092B620 /* Info.plist */,
				376B2BCF2815973500449968 /* UIView+Extensions.swift */,
			);
			path = ProfitManagement;
			sourceTree = "<group>";
		};
		37E74E14281922F700BE8E46 /* Environments */ = {
			isa = PBXGroup;
			children = (
			);
			path = Environments;
			sourceTree = "<group>";
		};
		DD82C0DF1F94757A15DDC803 /* Frameworks */ = {
			isa = PBXGroup;
			children = (
				E796D5F6BE7D11EC62CE77EF /* Pods_ProfitManagement.framework */,
			);
			name = Frameworks;
			sourceTree = "<group>";
		};
		E077D8A524890C856C96C12C /* Pods */ = {
			isa = PBXGroup;
			children = (
				6EE38C388E464128ADDE8E60 /* Pods-ProfitManagement.debug.xcconfig */,
				6E5C186BD4DD447D99190A28 /* Pods-ProfitManagement.release.xcconfig */,
			);
			path = Pods;
			sourceTree = "<group>";
		};
/* End PBXGroup section */

/* Begin PBXNativeTarget section */
		374F9CAC2813F2960092B620 /* ProfitManagement */ = {
			isa = PBXNativeTarget;
			buildConfigurationList = 374F9CC12813F2990092B620 /* Build configuration list for PBXNativeTarget "ProfitManagement" */;
			buildPhases = (
				3F4597C6B071CBC059D2740C /* [CP] Check Pods Manifest.lock */,
				374F9CA92813F2960092B620 /* Sources */,
				374F9CAA2813F2960092B620 /* Frameworks */,
				374F9CAB2813F2960092B620 /* Resources */,
				7675AEBB667DC6C700B096B5 /* [CP] Embed Pods Frameworks */,
			);
			buildRules = (
			);
			dependencies = (
			);
			name = ProfitManagement;
			productName = ProfitManagement;
			productReference = 374F9CAD2813F2960092B620 /* ProfitManagement.app */;
			productType = "com.apple.product-type.application";
		};
/* End PBXNativeTarget section */

/* Begin PBXProject section */
		374F9CA52813F2960092B620 /* Project object */ = {
			isa = PBXProject;
			attributes = {
				BuildIndependentTargetsInParallel = 1;
				LastSwiftUpdateCheck = 1320;
				LastUpgradeCheck = 1320;
				TargetAttributes = {
					374F9CAC2813F2960092B620 = {
						CreatedOnToolsVersion = 13.2.1;
					};
				};
			};
			buildConfigurationList = 374F9CA82813F2960092B620 /* Build configuration list for PBXProject "ProfitManagement" */;
			compatibilityVersion = "Xcode 13.0";
			developmentRegion = en;
			hasScannedForEncodings = 0;
			knownRegions = (
				en,
				Base,
			);
			mainGroup = 374F9CA42813F2960092B620;
			productRefGroup = 374F9CAE2813F2960092B620 /* Products */;
			projectDirPath = "";
			projectRoot = "";
			targets = (
				374F9CAC2813F2960092B620 /* ProfitManagement */,
			);
		};
/* End PBXProject section */

/* Begin PBXResourcesBuildPhase section */
		374F9CAB2813F2960092B620 /* Resources */ = {
			isa = PBXResourcesBuildPhase;
			buildActionMask = 2147483647;
			files = (
				374F9CBD2813F2990092B620 /* LaunchScreen.storyboard in Resources */,
				374F9CBA2813F2990092B620 /* Assets.xcassets in Resources */,
				374F9CB82813F2960092B620 /* Main.storyboard in Resources */,
			);
			runOnlyForDeploymentPostprocessing = 0;
		};
/* End PBXResourcesBuildPhase section */

/* Begin PBXShellScriptBuildPhase section */
		3F4597C6B071CBC059D2740C /* [CP] Check Pods Manifest.lock */ = {
			isa = PBXShellScriptBuildPhase;
			buildActionMask = 2147483647;
			files = (
			);
			inputFileListPaths = (
			);
			inputPaths = (
				"${PODS_PODFILE_DIR_PATH}/Podfile.lock",
				"${PODS_ROOT}/Manifest.lock",
			);
			name = "[CP] Check Pods Manifest.lock";
			outputFileListPaths = (
			);
			outputPaths = (
				"$(DERIVED_FILE_DIR)/Pods-ProfitManagement-checkManifestLockResult.txt",
			);
			runOnlyForDeploymentPostprocessing = 0;
			shellPath = /bin/sh;
			shellScript = "diff \"${PODS_PODFILE_DIR_PATH}/Podfile.lock\" \"${PODS_ROOT}/Manifest.lock\" > /dev/null\nif [ $? != 0 ] ; then\n    # print error to STDERR\n    echo \"error: The sandbox is not in sync with the Podfile.lock. Run 'pod install' or update your CocoaPods installation.\" >&2\n    exit 1\nfi\n# This output is used by Xcode 'outputs' to avoid re-running this script phase.\necho \"SUCCESS\" > \"${SCRIPT_OUTPUT_FILE_0}\"\n";
			showEnvVarsInLog = 0;
		};
		7675AEBB667DC6C700B096B5 /* [CP] Embed Pods Frameworks */ = {
			isa = PBXShellScriptBuildPhase;
			buildActionMask = 2147483647;
			files = (
			);
			inputFileListPaths = (
				"${PODS_ROOT}/Target Support Files/Pods-ProfitManagement/Pods-ProfitManagement-frameworks-${CONFIGURATION}-input-files.xcfilelist",
			);
			name = "[CP] Embed Pods Frameworks";
			outputFileListPaths = (
				"${PODS_ROOT}/Target Support Files/Pods-ProfitManagement/Pods-ProfitManagement-frameworks-${CONFIGURATION}-output-files.xcfilelist",
			);
			runOnlyForDeploymentPostprocessing = 0;
			shellPath = /bin/sh;
			shellScript = "\"${PODS_ROOT}/Target Support Files/Pods-ProfitManagement/Pods-ProfitManagement-frameworks.sh\"\n";
			showEnvVarsInLog = 0;
		};
/* End PBXShellScriptBuildPhase section */

/* Begin PBXSourcesBuildPhase section */
		374F9CA92813F2960092B620 /* Sources */ = {
			isa = PBXSourcesBuildPhase;
			buildActionMask = 2147483647;
			files = (
				374F9CB52813F2960092B620 /* DetailViewController.swift in Sources */,
				374F9CB12813F2960092B620 /* AppDelegate.swift in Sources */,
				374F9CB32813F2960092B620 /* SceneDelegate.swift in Sources */,
				376B2BD02815973500449968 /* UIView+Extensions.swift in Sources */,
				376B2BCE2815950A00449968 /* HomeViewController.swift in Sources */,
			);
			runOnlyForDeploymentPostprocessing = 0;
		};
/* End PBXSourcesBuildPhase section */

/* Begin PBXVariantGroup section */
		374F9CB62813F2960092B620 /* Main.storyboard */ = {
			isa = PBXVariantGroup;
			children = (
				374F9CB72813F2960092B620 /* Base */,
			);
			name = Main.storyboard;
			sourceTree = "<group>";
		};
		374F9CBB2813F2990092B620 /* LaunchScreen.storyboard */ = {
			isa = PBXVariantGroup;
			children = (
				374F9CBC2813F2990092B620 /* Base */,
			);
			name = LaunchScreen.storyboard;
			sourceTree = "<group>";
		};
/* End PBXVariantGroup section */

/* Begin XCBuildConfiguration section */
		374F9CBF2813F2990092B620 /* Debug */ = {
			isa = XCBuildConfiguration;
			buildSettings = {
				ALWAYS_SEARCH_USER_PATHS = NO;
				CLANG_ANALYZER_NONNULL = YES;
				CLANG_ANALYZER_NUMBER_OBJECT_CONVERSION = YES_AGGRESSIVE;
				CLANG_CXX_LANGUAGE_STANDARD = "gnu++17";
				CLANG_CXX_LIBRARY = "libc++";
				CLANG_ENABLE_MODULES = YES;
				CLANG_ENABLE_OBJC_ARC = YES;
				CLANG_ENABLE_OBJC_WEAK = YES;
				CLANG_WARN_BLOCK_CAPTURE_AUTORELEASING = YES;
				CLANG_WARN_BOOL_CONVERSION = YES;
				CLANG_WARN_COMMA = YES;
				CLANG_WARN_CONSTANT_CONVERSION = YES;
				CLANG_WARN_DEPRECATED_OBJC_IMPLEMENTATIONS = YES;
				CLANG_WARN_DIRECT_OBJC_ISA_USAGE = YES_ERROR;
				CLANG_WARN_DOCUMENTATION_COMMENTS = YES;
				CLANG_WARN_EMPTY_BODY = YES;
				CLANG_WARN_ENUM_CONVERSION = YES;
				CLANG_WARN_INFINITE_RECURSION = YES;
				CLANG_WARN_INT_CONVERSION = YES;
				CLANG_WARN_NON_LITERAL_NULL_CONVERSION = YES;
				CLANG_WARN_OBJC_IMPLICIT_RETAIN_SELF = YES;
				CLANG_WARN_OBJC_LITERAL_CONVERSION = YES;
				CLANG_WARN_OBJC_ROOT_CLASS = YES_ERROR;
				CLANG_WARN_QUOTED_INCLUDE_IN_FRAMEWORK_HEADER = YES;
				CLANG_WARN_RANGE_LOOP_ANALYSIS = YES;
				CLANG_WARN_STRICT_PROTOTYPES = YES;
				CLANG_WARN_SUSPICIOUS_MOVE = YES;
				CLANG_WARN_UNGUARDED_AVAILABILITY = YES_AGGRESSIVE;
				CLANG_WARN_UNREACHABLE_CODE = YES;
				CLANG_WARN__DUPLICATE_METHOD_MATCH = YES;
				COPY_PHASE_STRIP = NO;
				DEBUG_INFORMATION_FORMAT = dwarf;
				ENABLE_STRICT_OBJC_MSGSEND = YES;
				ENABLE_TESTABILITY = YES;
				GCC_C_LANGUAGE_STANDARD = gnu11;
				GCC_DYNAMIC_NO_PIC = NO;
				GCC_NO_COMMON_BLOCKS = YES;
				GCC_OPTIMIZATION_LEVEL = 0;
				GCC_PREPROCESSOR_DEFINITIONS = (
					"DEBUG=1",
					"$(inherited)",
				);
				GCC_WARN_64_TO_32_BIT_CONVERSION = YES;
				GCC_WARN_ABOUT_RETURN_TYPE = YES_ERROR;
				GCC_WARN_UNDECLARED_SELECTOR = YES;
				GCC_WARN_UNINITIALIZED_AUTOS = YES_AGGRESSIVE;
				GCC_WARN_UNUSED_FUNCTION = YES;
				GCC_WARN_UNUSED_VARIABLE = YES;
				IPHONEOS_DEPLOYMENT_TARGET = 15.2;
				MTL_ENABLE_DEBUG_INFO = INCLUDE_SOURCE;
				MTL_FAST_MATH = YES;
				ONLY_ACTIVE_ARCH = YES;
				SDKROOT = iphoneos;
				SWIFT_ACTIVE_COMPILATION_CONDITIONS = DEBUG;
				SWIFT_OPTIMIZATION_LEVEL = "-Onone";
			};
			name = Debug;
		};
		374F9CC02813F2990092B620 /* Release */ = {
			isa = XCBuildConfiguration;
			buildSettings = {
				ALWAYS_SEARCH_USER_PATHS = NO;
				CLANG_ANALYZER_NONNULL = YES;
				CLANG_ANALYZER_NUMBER_OBJECT_CONVERSION = YES_AGGRESSIVE;
				CLANG_CXX_LANGUAGE_STANDARD = "gnu++17";
				CLANG_CXX_LIBRARY = "libc++";
				CLANG_ENABLE_MODULES = YES;
				CLANG_ENABLE_OBJC_ARC = YES;
				CLANG_ENABLE_OBJC_WEAK = YES;
				CLANG_WARN_BLOCK_CAPTURE_AUTORELEASING = YES;
				CLANG_WARN_BOOL_CONVERSION = YES;
				CLANG_WARN_COMMA = YES;
				CLANG_WARN_CONSTANT_CONVERSION = YES;
				CLANG_WARN_DEPRECATED_OBJC_IMPLEMENTATIONS = YES;
				CLANG_WARN_DIRECT_OBJC_ISA_USAGE = YES_ERROR;
				CLANG_WARN_DOCUMENTATION_COMMENTS = YES;
				CLANG_WARN_EMPTY_BODY = YES;
				CLANG_WARN_ENUM_CONVERSION = YES;
				CLANG_WARN_INFINITE_RECURSION = YES;
				CLANG_WARN_INT_CONVERSION = YES;
				CLANG_WARN_NON_LITERAL_NULL_CONVERSION = YES;
				CLANG_WARN_OBJC_IMPLICIT_RETAIN_SELF = YES;
				CLANG_WARN_OBJC_LITERAL_CONVERSION = YES;
				CLANG_WARN_OBJC_ROOT_CLASS = YES_ERROR;
				CLANG_WARN_QUOTED_INCLUDE_IN_FRAMEWORK_HEADER = YES;
				CLANG_WARN_RANGE_LOOP_ANALYSIS = YES;
				CLANG_WARN_STRICT_PROTOTYPES = YES;
				CLANG_WARN_SUSPICIOUS_MOVE = YES;
				CLANG_WARN_UNGUARDED_AVAILABILITY = YES_AGGRESSIVE;
				CLANG_WARN_UNREACHABLE_CODE = YES;
				CLANG_WARN__DUPLICATE_METHOD_MATCH = YES;
				COPY_PHASE_STRIP = NO;
				DEBUG_INFORMATION_FORMAT = "dwarf-with-dsym";
				ENABLE_NS_ASSERTIONS = NO;
				ENABLE_STRICT_OBJC_MSGSEND = YES;
				GCC_C_LANGUAGE_STANDARD = gnu11;
				GCC_NO_COMMON_BLOCKS = YES;
				GCC_WARN_64_TO_32_BIT_CONVERSION = YES;
				GCC_WARN_ABOUT_RETURN_TYPE = YES_ERROR;
				GCC_WARN_UNDECLARED_SELECTOR = YES;
				GCC_WARN_UNINITIALIZED_AUTOS = YES_AGGRESSIVE;
				GCC_WARN_UNUSED_FUNCTION = YES;
				GCC_WARN_UNUSED_VARIABLE = YES;
				IPHONEOS_DEPLOYMENT_TARGET = 15.2;
				MTL_ENABLE_DEBUG_INFO = NO;
				MTL_FAST_MATH = YES;
				SDKROOT = iphoneos;
				SWIFT_COMPILATION_MODE = wholemodule;
				SWIFT_OPTIMIZATION_LEVEL = "-O";
				VALIDATE_PRODUCT = YES;
			};
			name = Release;
		};
		374F9CC22813F2990092B620 /* Debug */ = {
			isa = XCBuildConfiguration;
			baseConfigurationReference = 6EE38C388E464128ADDE8E60 /* Pods-ProfitManagement.debug.xcconfig */;
			buildSettings = {
				ASSETCATALOG_COMPILER_APPICON_NAME = AppIcon;
				ASSETCATALOG_COMPILER_GLOBAL_ACCENT_COLOR_NAME = AccentColor;
				CODE_SIGN_IDENTITY = "iPhone Developer";
				CODE_SIGN_STYLE = Manual;
				CURRENT_PROJECT_VERSION = 1;
				DEVELOPMENT_TEAM = YTX95ZPWED;
				GENERATE_INFOPLIST_FILE = YES;
				INFOPLIST_FILE = ProfitManagement/Info.plist;
				INFOPLIST_KEY_UIApplicationSupportsIndirectInputEvents = YES;
				INFOPLIST_KEY_UILaunchStoryboardName = LaunchScreen;
				INFOPLIST_KEY_UIMainStoryboardFile = Main;
				INFOPLIST_KEY_UISupportedInterfaceOrientations_iPad = "UIInterfaceOrientationPortrait UIInterfaceOrientationPortraitUpsideDown UIInterfaceOrientationLandscapeLeft UIInterfaceOrientationLandscapeRight";
				INFOPLIST_KEY_UISupportedInterfaceOrientations_iPhone = "UIInterfaceOrientationPortrait UIInterfaceOrientationLandscapeLeft UIInterfaceOrientationLandscapeRight";
				LD_RUNPATH_SEARCH_PATHS = (
					"$(inherited)",
					"@executable_path/Frameworks",
				);
				MARKETING_VERSION = 1.0;
				PRODUCT_BUNDLE_IDENTIFIER = com.vn.profit.ProfitManagement;
				PRODUCT_NAME = "$(TARGET_NAME)";
				PROVISIONING_PROFILE_SPECIFIER = "IOS - Development Team";
				SWIFT_EMIT_LOC_STRINGS = YES;
				SWIFT_VERSION = 4.0;
				TARGETED_DEVICE_FAMILY = "1,2";
			};
			name = Debug;
		};
		374F9CC32813F2990092B620 /* Release */ = {
			isa = XCBuildConfiguration;
			baseConfigurationReference = 6E5C186BD4DD447D99190A28 /* Pods-ProfitManagement.release.xcconfig */;
			buildSettings = {
				ASSETCATALOG_COMPILER_APPICON_NAME = AppIcon;
				ASSETCATALOG_COMPILER_GLOBAL_ACCENT_COLOR_NAME = AccentColor;
				CODE_SIGN_IDENTITY = "iPhone Developer";
				CODE_SIGN_STYLE = Manual;
				CURRENT_PROJECT_VERSION = 1;
				DEVELOPMENT_TEAM = YTX95ZPWED;
				GENERATE_INFOPLIST_FILE = YES;
				INFOPLIST_FILE = ProfitManagement/Info.plist;
				INFOPLIST_KEY_UIApplicationSupportsIndirectInputEvents = YES;
				INFOPLIST_KEY_UILaunchStoryboardName = LaunchScreen;
				INFOPLIST_KEY_UIMainStoryboardFile = Main;
				INFOPLIST_KEY_UISupportedInterfaceOrientations_iPad = "UIInterfaceOrientationPortrait UIInterfaceOrientationPortraitUpsideDown UIInterfaceOrientationLandscapeLeft UIInterfaceOrientationLandscapeRight";
				INFOPLIST_KEY_UISupportedInterfaceOrientations_iPhone = "UIInterfaceOrientationPortrait UIInterfaceOrientationLandscapeLeft UIInterfaceOrientationLandscapeRight";
				LD_RUNPATH_SEARCH_PATHS = (
					"$(inherited)",
					"@executable_path/Frameworks",
				);
				MARKETING_VERSION = 1.0;
				PRODUCT_BUNDLE_IDENTIFIER = com.vn.profit.ProfitManagement;
				PRODUCT_NAME = "$(TARGET_NAME)";
				PROVISIONING_PROFILE_SPECIFIER = "IOS - Development Team";
				SWIFT_EMIT_LOC_STRINGS = YES;
				SWIFT_VERSION = 4.0;
				TARGETED_DEVICE_FAMILY = "1,2";
			};
			name = Release;
		};
/* End XCBuildConfiguration section */

/* Begin XCConfigurationList section */
		374F9CA82813F2960092B620 /* Build configuration list for PBXProject "ProfitManagement" */ = {
			isa = XCConfigurationList;
			buildConfigurations = (
				374F9CBF2813F2990092B620 /* Debug */,
				374F9CC02813F2990092B620 /* Release */,
			);
			defaultConfigurationIsVisible = 0;
			defaultConfigurationName = Release;
		};
		374F9CC12813F2990092B620 /* Build configuration list for PBXNativeTarget "ProfitManagement" */ = {
			isa = XCConfigurationList;
			buildConfigurations = (
				374F9CC22813F2990092B620 /* Debug */,
				374F9CC32813F2990092B620 /* Release */,
			);
			defaultConfigurationIsVisible = 0;
			defaultConfigurationName = Release;
		};
/* End XCConfigurationList section */
	};
	rootObject = 374F9CA52813F2960092B620 /* Project object */;
}
